
Microsoft Visual Studio Solution File, Format Version 12.00
# Visual Studio Version 17
VisualStudioVersion = 17.14.36518.9 d17.14
MinimumVisualStudioVersion = 10.0.40219.1
Project("{FAE04EC0-301F-11D3-BF4B-00C04F79EFBC}") = "Desktop_Stare", "Desktop_Stare\Desktop_Stare.csproj", "{6AFF5D5A-AC1F-47B4-A06F-E8F01AB65FBB}"
EndProject
Global
	GlobalSection(SolutionConfigurationPlatforms) = preSolution
		Debug|Any CPU = Debug|Any CPU
		Release|Any CPU = Release|Any CPU
	EndGlobalSection
	GlobalSection(ProjectConfigurationPlatforms) = postSolution
		{6AFF5D5A-AC1F-47B4-A06F-E8F01AB65FBB}.Debug|Any CPU.ActiveCfg = Debug|Any CPU
		{6AFF5D5A-AC1F-47B4-A06F-E8F01AB65FBB}.Debug|Any CPU.Build.0 = Debug|Any CPU
		{6AFF5D5A-AC1F-47B4-A06F-E8F01AB65FBB}.Release|Any CPU.ActiveCfg = Release|Any CPU
		{6AFF5D5A-AC1F-47B4-A06F-E8F01AB65FBB}.Release|Any CPU.Build.0 = Release|Any CPU
	EndGlobalSection
	GlobalSection(SolutionProperties) = preSolution
		HideSolutionNode = FALSE
	EndGlobalSection
	GlobalSection(ExtensibilityGlobals) = postSolution
		SolutionGuid = {0EC163B4-B90F-4D52-960E-455454D5D1FF}
	EndGlobalSection
EndGlobal
